
Microsoft Visual Studio Solution File, Format Version 12.00
# Visual Studio Version 17
VisualStudioVersion = 17.5.33516.290
MinimumVisualStudioVersion = 10.0.40219.1
Project("{FAE04EC0-301F-11D3-BF4B-00C04F79EFBC}") = "GourmetShopWeb", "GourmetShopWeb\GourmetShopWeb.csproj", "{E25A5F9C-03F6-41B5-B08F-A3C83D7CF199}"
EndProject
Global
	GlobalSection(SolutionConfigurationPlatforms) = preSolution
		Debug|Any CPU = Debug|Any CPU
		Release|Any CPU = Release|Any CPU
	EndGlobalSection
	GlobalSection(ProjectConfigurationPlatforms) = postSolution
		{E25A5F9C-03F6-41B5-B08F-A3C83D7CF199}.Debug|Any CPU.ActiveCfg = Debug|Any CPU
		{E25A5F9C-03F6-41B5-B08F-A3C83D7CF199}.Debug|Any CPU.Build.0 = Debug|Any CPU
		{E25A5F9C-03F6-41B5-B08F-A3C83D7CF199}.Release|Any CPU.ActiveCfg = Release|Any CPU
		{E25A5F9C-03F6-41B5-B08F-A3C83D7CF199}.Release|Any CPU.Build.0 = Release|Any CPU
	EndGlobalSection
	GlobalSection(SolutionProperties) = preSolution
		HideSolutionNode = FALSE
	EndGlobalSection
	GlobalSection(ExtensibilityGlobals) = postSolution
		SolutionGuid = {2CA3923F-4ACD-498A-A052-0B4E0720578D}
	EndGlobalSection
EndGlobal
